
Microsoft Visual Studio Solution File, Format Version 12.00
# Visual Studio Version 17
VisualStudioVersion = 17.5.33627.172
MinimumVisualStudioVersion = 10.0.40219.1
Project("{FAE04EC0-301F-11D3-BF4B-00C04F79EFBC}") = "Tabibu", "Tabibu\Tabibu.csproj", "{F9901483-A3BA-4F94-A42D-AE881986A1DF}"
EndProject
Global
	GlobalSection(SolutionConfigurationPlatforms) = preSolution
		Debug|Any CPU = Debug|Any CPU
		Release|Any CPU = Release|Any CPU
	EndGlobalSection
	GlobalSection(ProjectConfigurationPlatforms) = postSolution
		{F9901483-A3BA-4F94-A42D-AE881986A1DF}.Debug|Any CPU.ActiveCfg = Debug|Any CPU
		{F9901483-A3BA-4F94-A42D-AE881986A1DF}.Debug|Any CPU.Build.0 = Debug|Any CPU
		{F9901483-A3BA-4F94-A42D-AE881986A1DF}.Release|Any CPU.ActiveCfg = Release|Any CPU
		{F9901483-A3BA-4F94-A42D-AE881986A1DF}.Release|Any CPU.Build.0 = Release|Any CPU
	EndGlobalSection
	GlobalSection(SolutionProperties) = preSolution
		HideSolutionNode = FALSE
	EndGlobalSection
	GlobalSection(ExtensibilityGlobals) = postSolution
		SolutionGuid = {E6077C00-7075-490E-845C-AA1728C8BD17}
	EndGlobalSection
EndGlobal
